// !$*UTF8*$!
{
	archiveVersion = 1;
	classes = {
	};
	objectVersion = 46;
	objects = {

/* Begin PBXBuildFile section */
		658612D4194C812900294892 /* Foundation.framework in Frameworks */ = {isa = PBXBuildFile; fileRef = 658612D3194C812900294892 /* Foundation.framework */; };
		658612D6194C812900294892 /* CoreGraphics.framework in Frameworks */ = {isa = PBXBuildFile; fileRef = 658612D5194C812900294892 /* CoreGraphics.framework */; };
		658612D8194C812900294892 /* UIKit.framework in Frameworks */ = {isa = PBXBuildFile; fileRef = 658612D7194C812900294892 /* UIKit.framework */; };
		658612DE194C812900294892 /* InfoPlist.strings in Resources */ = {isa = PBXBuildFile; fileRef = 658612DC194C812900294892 /* InfoPlist.strings */; };
		658612E0194C812900294892 /* main.m in Sources */ = {isa = PBXBuildFile; fileRef = 658612DF194C812900294892 /* main.m */; };
		658612E4194C812900294892 /* BNRAppDelegate.m in Sources */ = {isa = PBXBuildFile; fileRef = 658612E3194C812900294892 /* BNRAppDelegate.m */; };
		658612E6194C812900294892 /* Images.xcassets in Resources */ = {isa = PBXBuildFile; fileRef = 658612E5194C812900294892 /* Images.xcassets */; };
		658612ED194C812900294892 /* XCTest.framework in Frameworks */ = {isa = PBXBuildFile; fileRef = 658612EC194C812900294892 /* XCTest.framework */; };
		658612EE194C812900294892 /* Foundation.framework in Frameworks */ = {isa = PBXBuildFile; fileRef = 658612D3194C812900294892 /* Foundation.framework */; };
		658612EF194C812900294892 /* UIKit.framework in Frameworks */ = {isa = PBXBuildFile; fileRef = 658612D7194C812900294892 /* UIKit.framework */; };
		658612F7194C812900294892 /* InfoPlist.strings in Resources */ = {isa = PBXBuildFile; fileRef = 658612F5194C812900294892 /* InfoPlist.strings */; };
		658612F9194C812900294892 /* TouchTrackerTests.m in Sources */ = {isa = PBXBuildFile; fileRef = 658612F8194C812900294892 /* TouchTrackerTests.m */; };
		65861304194C827200294892 /* BNRLine.m in Sources */ = {isa = PBXBuildFile; fileRef = 65861303194C827200294892 /* BNRLine.m */; };
		6586130A194C82D500294892 /* BNRDrawViewController.m in Sources */ = {isa = PBXBuildFile; fileRef = 65861309194C82D500294892 /* BNRDrawViewController.m */; };
		6586130D194C831600294892 /* BNRDrawView.m in Sources */ = {isa = PBXBuildFile; fileRef = 6586130C194C831600294892 /* BNRDrawView.m */; };
/* End PBXBuildFile section */

/* Begin PBXContainerItemProxy section */
		658612F0194C812900294892 /* PBXContainerItemProxy */ = {
			isa = PBXContainerItemProxy;
			containerPortal = 658612C8194C812900294892 /* Project object */;
			proxyType = 1;
			remoteGlobalIDString = 658612CF194C812900294892;
			remoteInfo = TouchTracker;
		};
/* End PBXContainerItemProxy section */

/* Begin PBXFileReference section */
		658612D0194C812900294892 /* TouchTracker.app */ = {isa = PBXFileReference; explicitFileType = wrapper.application; includeInIndex = 0; path = TouchTracker.app; sourceTree = BUILT_PRODUCTS_DIR; };
		658612D3194C812900294892 /* Foundation.framework */ = {isa = PBXFileReference; lastKnownFileType = wrapper.framework; name = Foundation.framework; path = System/Library/Frameworks/Foundation.framework; sourceTree = SDKROOT; };
		658612D5194C812900294892 /* CoreGraphics.framework */ = {isa = PBXFileReference; lastKnownFileType = wrapper.framework; name = CoreGraphics.framework; path = System/Library/Frameworks/CoreGraphics.framework; sourceTree = SDKROOT; };
		658612D7194C812900294892 /* UIKit.framework */ = {isa = PBXFileReference; lastKnownFileType = wrapper.framework; name = UIKit.framework; path = System/Library/Frameworks/UIKit.framework; sourceTree = SDKROOT; };
		658612DB194C812900294892 /* TouchTracker-Info.plist */ = {isa = PBXFileReference; lastKnownFileType = text.plist.xml; path = "TouchTracker-Info.plist"; sourceTree = "<group>"; };
		658612DD194C812900294892 /* en */ = {isa = PBXFileReference; lastKnownFileType = text.plist.strings; name = en; path = en.lproj/InfoPlist.strings; sourceTree = "<group>"; };
		658612DF194C812900294892 /* main.m */ = {isa = PBXFileReference; lastKnownFileType = sourcecode.c.objc; path = main.m; sourceTree = "<group>"; };
		658612E1194C812900294892 /* TouchTracker-Prefix.pch */ = {isa = PBXFileReference; lastKnownFileType = sourcecode.c.h; path = "TouchTracker-Prefix.pch"; sourceTree = "<group>"; };
		658612E2194C812900294892 /* BNRAppDelegate.h */ = {isa = PBXFileReference; lastKnownFileType = sourcecode.c.h; path = BNRAppDelegate.h; sourceTree = "<group>"; };
		658612E3194C812900294892 /* BNRAppDelegate.m */ = {isa = PBXFileReference; lastKnownFileType = sourcecode.c.objc; path = BNRAppDelegate.m; sourceTree = "<group>"; };
		658612E5194C812900294892 /* Images.xcassets */ = {isa = PBXFileReference; lastKnownFileType = folder.assetcatalog; path = Images.xcassets; sourceTree = "<group>"; };
		658612EB194C812900294892 /* TouchTrackerTests.xctest */ = {isa = PBXFileReference; explicitFileType = wrapper.cfbundle; includeInIndex = 0; path = TouchTrackerTests.xctest; sourceTree = BUILT_PRODUCTS_DIR; };
		658612EC194C812900294892 /* XCTest.framework */ = {isa = PBXFileReference; lastKnownFileType = wrapper.framework; name = XCTest.framework; path = Library/Frameworks/XCTest.framework; sourceTree = DEVELOPER_DIR; };
		658612F4194C812900294892 /* TouchTrackerTests-Info.plist */ = {isa = PBXFileReference; lastKnownFileType = text.plist.xml; path = "TouchTrackerTests-Info.plist"; sourceTree = "<group>"; };
		658612F6194C812900294892 /* en */ = {isa = PBXFileReference; lastKnownFileType = text.plist.strings; name = en; path = en.lproj/InfoPlist.strings; sourceTree = "<group>"; };
		658612F8194C812900294892 /* TouchTrackerTests.m */ = {isa = PBXFileReference; lastKnownFileType = sourcecode.c.objc; path = TouchTrackerTests.m; sourceTree = "<group>"; };
		65861302194C827200294892 /* BNRLine.h */ = {isa = PBXFileReference; fileEncoding = 4; lastKnownFileType = sourcecode.c.h; path = BNRLine.h; sourceTree = "<group>"; };
		65861303194C827200294892 /* BNRLine.m */ = {isa = PBXFileReference; fileEncoding = 4; lastKnownFileType = sourcecode.c.objc; path = BNRLine.m; sourceTree = "<group>"; };
		65861308194C82D500294892 /* BNRDrawViewController.h */ = {isa = PBXFileReference; fileEncoding = 4; lastKnownFileType = sourcecode.c.h; path = BNRDrawViewController.h; sourceTree = "<group>"; };
		65861309194C82D500294892 /* BNRDrawViewController.m */ = {isa = PBXFileReference; fileEncoding = 4; lastKnownFileType = sourcecode.c.objc; path = BNRDrawViewController.m; sourceTree = "<group>"; };
		6586130B194C831600294892 /* BNRDrawView.h */ = {isa = PBXFileReference; fileEncoding = 4; lastKnownFileType = sourcecode.c.h; path = BNRDrawView.h; sourceTree = "<group>"; };
		6586130C194C831600294892 /* BNRDrawView.m */ = {isa = PBXFileReference; fileEncoding = 4; lastKnownFileType = sourcecode.c.objc; path = BNRDrawView.m; sourceTree = "<group>"; };
/* End PBXFileReference section */

/* Begin PBXFrameworksBuildPhase section */
		658612CD194C812900294892 /* Frameworks */ = {
			isa = PBXFrameworksBuildPhase;
			buildActionMask = 2147483647;
			files = (
				658612D6194C812900294892 /* CoreGraphics.framework in Frameworks */,
				658612D8194C812900294892 /* UIKit.framework in Frameworks */,
				658612D4194C812900294892 /* Foundation.framework in Frameworks */,
			);
			runOnlyForDeploymentPostprocessing = 0;
		};
		658612E8194C812900294892 /* Frameworks */ = {
			isa = PBXFrameworksBuildPhase;
			buildActionMask = 2147483647;
			files = (
				658612ED194C812900294892 /* XCTest.framework in Frameworks */,
				658612EF194C812900294892 /* UIKit.framework in Frameworks */,
				658612EE194C812900294892 /* Foundation.framework in Frameworks */,
			);
			runOnlyForDeploymentPostprocessing = 0;
		};
/* End PBXFrameworksBuildPhase section */

/* Begin PBXGroup section */
		658612C7194C812900294892 = {
			isa = PBXGroup;
			children = (
				6586130B194C831600294892 /* BNRDrawView.h */,
				6586130C194C831600294892 /* BNRDrawView.m */,
				65861302194C827200294892 /* BNRLine.h */,
				65861303194C827200294892 /* BNRLine.m */,
				65861308194C82D500294892 /* BNRDrawViewController.h */,
				65861309194C82D500294892 /* BNRDrawViewController.m */,
				658612D9194C812900294892 /* TouchTracker */,
				658612F2194C812900294892 /* TouchTrackerTests */,
				658612D2194C812900294892 /* Frameworks */,
				658612D1194C812900294892 /* Products */,
			);
			sourceTree = "<group>";
		};
		658612D1194C812900294892 /* Products */ = {
			isa = PBXGroup;
			children = (
				658612D0194C812900294892 /* TouchTracker.app */,
				658612EB194C812900294892 /* TouchTrackerTests.xctest */,
			);
			name = Products;
			sourceTree = "<group>";
		};
		658612D2194C812900294892 /* Frameworks */ = {
			isa = PBXGroup;
			children = (
				658612D3194C812900294892 /* Foundation.framework */,
				658612D5194C812900294892 /* CoreGraphics.framework */,
				658612D7194C812900294892 /* UIKit.framework */,
				658612EC194C812900294892 /* XCTest.framework */,
			);
			name = Frameworks;
			sourceTree = "<group>";
		};
		658612D9194C812900294892 /* TouchTracker */ = {
			isa = PBXGroup;
			children = (
				658612E2194C812900294892 /* BNRAppDelegate.h */,
				658612E3194C812900294892 /* BNRAppDelegate.m */,
				658612E5194C812900294892 /* Images.xcassets */,
				658612DA194C812900294892 /* Supporting Files */,
			);
			path = TouchTracker;
			sourceTree = "<group>";
		};
		658612DA194C812900294892 /* Supporting Files */ = {
			isa = PBXGroup;
			children = (
				658612DB194C812900294892 /* TouchTracker-Info.plist */,
				658612DC194C812900294892 /* InfoPlist.strings */,
				658612DF194C812900294892 /* main.m */,
				658612E1194C812900294892 /* TouchTracker-Prefix.pch */,
			);
			name = "Supporting Files";
			sourceTree = "<group>";
		};
		658612F2194C812900294892 /* TouchTrackerTests */ = {
			isa = PBXGroup;
			children = (
				658612F8194C812900294892 /* TouchTrackerTests.m */,
				658612F3194C812900294892 /* Supporting Files */,
			);
			path = TouchTrackerTests;
			sourceTree = "<group>";
		};
		658612F3194C812900294892 /* Supporting Files */ = {
			isa = PBXGroup;
			children = (
				658612F4194C812900294892 /* TouchTrackerTests-Info.plist */,
				658612F5194C812900294892 /* InfoPlist.strings */,
			);
			name = "Supporting Files";
			sourceTree = "<group>";
		};
/* End PBXGroup section */

/* Begin PBXNativeTarget section */
		658612CF194C812900294892 /* TouchTracker */ = {
			isa = PBXNativeTarget;
			buildConfigurationList = 658612FC194C812900294892 /* Build configuration list for PBXNativeTarget "TouchTracker" */;
			buildPhases = (
				658612CC194C812900294892 /* Sources */,
				658612CD194C812900294892 /* Frameworks */,
				658612CE194C812900294892 /* Resources */,
			);
			buildRules = (
			);
			dependencies = (
			);
			name = TouchTracker;
			productName = TouchTracker;
			productReference = 658612D0194C812900294892 /* TouchTracker.app */;
			productType = "com.apple.product-type.application";
		};
		658612EA194C812900294892 /* TouchTrackerTests */ = {
			isa = PBXNativeTarget;
			buildConfigurationList = 658612FF194C812900294892 /* Build configuration list for PBXNativeTarget "TouchTrackerTests" */;
			buildPhases = (
				658612E7194C812900294892 /* Sources */,
				658612E8194C812900294892 /* Frameworks */,
				658612E9194C812900294892 /* Resources */,
			);
			buildRules = (
			);
			dependencies = (
				658612F1194C812900294892 /* PBXTargetDependency */,
			);
			name = TouchTrackerTests;
			productName = TouchTrackerTests;
			productReference = 658612EB194C812900294892 /* TouchTrackerTests.xctest */;
			productType = "com.apple.product-type.bundle.unit-test";
		};
/* End PBXNativeTarget section */

/* Begin PBXProject section */
		658612C8194C812900294892 /* Project object */ = {
			isa = PBXProject;
			attributes = {
				CLASSPREFIX = BNR;
				LastUpgradeCheck = 0510;
				ORGANIZATIONNAME = JM;
				TargetAttributes = {
					658612EA194C812900294892 = {
						TestTargetID = 658612CF194C812900294892;
					};
				};
			};
			buildConfigurationList = 658612CB194C812900294892 /* Build configuration list for PBXProject "TouchTracker" */;
			compatibilityVersion = "Xcode 3.2";
			developmentRegion = English;
			hasScannedForEncodings = 0;
			knownRegions = (
				en,
			);
			mainGroup = 658612C7194C812900294892;
			productRefGroup = 658612D1194C812900294892 /* Products */;
			projectDirPath = "";
			projectRoot = "";
			targets = (
				658612CF194C812900294892 /* TouchTracker */,
				658612EA194C812900294892 /* TouchTrackerTests */,
			);
		};
/* End PBXProject section */

/* Begin PBXResourcesBuildPhase section */
		658612CE194C812900294892 /* Resources */ = {
			isa = PBXResourcesBuildPhase;
			buildActionMask = 2147483647;
			files = (
				658612DE194C812900294892 /* InfoPlist.strings in Resources */,
				658612E6194C812900294892 /* Images.xcassets in Resources */,
			);
			runOnlyForDeploymentPostprocessing = 0;
		};
		658612E9194C812900294892 /* Resources */ = {
			isa = PBXResourcesBuildPhase;
			buildActionMask = 2147483647;
			files = (
				658612F7194C812900294892 /* InfoPlist.strings in Resources */,
			);
			runOnlyForDeploymentPostprocessing = 0;
		};
/* End PBXResourcesBuildPhase section */

/* Begin PBXSourcesBuildPhase section */
		658612CC194C812900294892 /* Sources */ = {
			isa = PBXSourcesBuildPhase;
			buildActionMask = 2147483647;
			files = (
				6586130D194C831600294892 /* BNRDrawView.m in Sources */,
				6586130A194C82D500294892 /* BNRDrawViewController.m in Sources */,
				658612E0194C812900294892 /* main.m in Sources */,
				65861304194C827200294892 /* BNRLine.m in Sources */,
				658612E4194C812900294892 /* BNRAppDelegate.m in Sources */,
			);
			runOnlyForDeploymentPostprocessing = 0;
		};
		658612E7194C812900294892 /* Sources */ = {
			isa = PBXSourcesBuildPhase;
			buildActionMask = 2147483647;
			files = (
				658612F9194C812900294892 /* TouchTrackerTests.m in Sources */,
			);
			runOnlyForDeploymentPostprocessing = 0;
		};
/* End PBXSourcesBuildPhase section */

/* Begin PBXTargetDependency section */
		658612F1194C812900294892 /* PBXTargetDependency */ = {
			isa = PBXTargetDependency;
			target = 658612CF194C812900294892 /* TouchTracker */;
			targetProxy = 658612F0194C812900294892 /* PBXContainerItemProxy */;
		};
/* End PBXTargetDependency section */

/* Begin PBXVariantGroup section */
		658612DC194C812900294892 /* InfoPlist.strings */ = {
			isa = PBXVariantGroup;
			children = (
				658612DD194C812900294892 /* en */,
			);
			name = InfoPlist.strings;
			sourceTree = "<group>";
		};
		658612F5194C812900294892 /* InfoPlist.strings */ = {
			isa = PBXVariantGroup;
			children = (
				658612F6194C812900294892 /* en */,
			);
			name = InfoPlist.strings;
			sourceTree = "<group>";
		};
/* End PBXVariantGroup section */

/* Begin XCBuildConfiguration section */
		658612FA194C812900294892 /* Debug */ = {
			isa = XCBuildConfiguration;
			buildSettings = {
				ALWAYS_SEARCH_USER_PATHS = NO;
				CLANG_CXX_LANGUAGE_STANDARD = "gnu++0x";
				CLANG_CXX_LIBRARY = "libc++";
				CLANG_ENABLE_MODULES = YES;
				CLANG_ENABLE_OBJC_ARC = YES;
				CLANG_WARN_BOOL_CONVERSION = YES;
				CLANG_WARN_CONSTANT_CONVERSION = YES;
				CLANG_WARN_DIRECT_OBJC_ISA_USAGE = YES_ERROR;
				CLANG_WARN_EMPTY_BODY = YES;
				CLANG_WARN_ENUM_CONVERSION = YES;
				CLANG_WARN_INT_CONVERSION = YES;
				CLANG_WARN_OBJC_ROOT_CLASS = YES_ERROR;
				CLANG_WARN__DUPLICATE_METHOD_MATCH = YES;
				"CODE_SIGN_IDENTITY[sdk=iphoneos*]" = "iPhone Developer";
				COPY_PHASE_STRIP = NO;
				GCC_C_LANGUAGE_STANDARD = gnu99;
				GCC_DYNAMIC_NO_PIC = NO;
				GCC_OPTIMIZATION_LEVEL = 0;
				GCC_PREPROCESSOR_DEFINITIONS = (
					"DEBUG=1",
					"$(inherited)",
				);
				GCC_SYMBOLS_PRIVATE_EXTERN = NO;
				GCC_WARN_64_TO_32_BIT_CONVERSION = YES;
				GCC_WARN_ABOUT_RETURN_TYPE = YES_ERROR;
				GCC_WARN_UNDECLARED_SELECTOR = YES;
				GCC_WARN_UNINITIALIZED_AUTOS = YES_AGGRESSIVE;
				GCC_WARN_UNUSED_FUNCTION = YES;
				GCC_WARN_UNUSED_VARIABLE = YES;
				IPHONEOS_DEPLOYMENT_TARGET = 7.1;
				ONLY_ACTIVE_ARCH = YES;
				SDKROOT = iphoneos;
			};
			name = Debug;
		};
		658612FB194C812900294892 /* Release */ = {
			isa = XCBuildConfiguration;
			buildSettings = {
				ALWAYS_SEARCH_USER_PATHS = NO;
				CLANG_CXX_LANGUAGE_STANDARD = "gnu++0x";
				CLANG_CXX_LIBRARY = "libc++";
				CLANG_ENABLE_MODULES = YES;
				CLANG_ENABLE_OBJC_ARC = YES;
				CLANG_WARN_BOOL_CONVERSION = YES;
				CLANG_WARN_CONSTANT_CONVERSION = YES;
				CLANG_WARN_DIRECT_OBJC_ISA_USAGE = YES_ERROR;
				CLANG_WARN_EMPTY_BODY = YES;
				CLANG_WARN_ENUM_CONVERSION = YES;
				CLANG_WARN_INT_CONVERSION = YES;
				CLANG_WARN_OBJC_ROOT_CLASS = YES_ERROR;
				CLANG_WARN__DUPLICATE_METHOD_MATCH = YES;
				"CODE_SIGN_IDENTITY[sdk=iphoneos*]" = "iPhone Developer";
				COPY_PHASE_STRIP = YES;
				ENABLE_NS_ASSERTIONS = NO;
				GCC_C_LANGUAGE_STANDARD = gnu99;
				GCC_WARN_64_TO_32_BIT_CONVERSION = YES;
				GCC_WARN_ABOUT_RETURN_TYPE = YES_ERROR;
				GCC_WARN_UNDECLARED_SELECTOR = YES;
				GCC_WARN_UNINITIALIZED_AUTOS = YES_AGGRESSIVE;
				GCC_WARN_UNUSED_FUNCTION = YES;
				GCC_WARN_UNUSED_VARIABLE = YES;
				IPHONEOS_DEPLOYMENT_TARGET = 7.1;
				SDKROOT = iphoneos;
				VALIDATE_PRODUCT = YES;
			};
			name = Release;
		};
		658612FD194C812900294892 /* Debug */ = {
			isa = XCBuildConfiguration;
			buildSettings = {
				ASSETCATALOG_COMPILER_APPICON_NAME = AppIcon;
				ASSETCATALOG_COMPILER_LAUNCHIMAGE_NAME = LaunchImage;
				GCC_PRECOMPILE_PREFIX_HEADER = YES;
				GCC_PREFIX_HEADER = "TouchTracker/TouchTracker-Prefix.pch";
				INFOPLIST_FILE = "TouchTracker/TouchTracker-Info.plist";
				PRODUCT_NAME = "$(TARGET_NAME)";
				WRAPPER_EXTENSION = app;
			};
			name = Debug;
		};
		658612FE194C812900294892 /* Release */ = {
			isa = XCBuildConfiguration;
			buildSettings = {
				ASSETCATALOG_COMPILER_APPICON_NAME = AppIcon;
				ASSETCATALOG_COMPILER_LAUNCHIMAGE_NAME = LaunchImage;
				GCC_PRECOMPILE_PREFIX_HEADER = YES;
				GCC_PREFIX_HEADER = "TouchTracker/TouchTracker-Prefix.pch";
				INFOPLIST_FILE = "TouchTracker/TouchTracker-Info.plist";
				PRODUCT_NAME = "$(TARGET_NAME)";
				WRAPPER_EXTENSION = app;
			};
			name = Release;
		};
		65861300194C812900294892 /* Debug */ = {
			isa = XCBuildConfiguration;
			buildSettings = {
				BUNDLE_LOADER = "$(BUILT_PRODUCTS_DIR)/TouchTracker.app/TouchTracker";
				FRAMEWORK_SEARCH_PATHS = (
					"$(SDKROOT)/Developer/Library/Frameworks",
					"$(inherited)",
					"$(DEVELOPER_FRAMEWORKS_DIR)",
				);
				GCC_PRECOMPILE_PREFIX_HEADER = YES;
				GCC_PREFIX_HEADER = "TouchTracker/TouchTracker-Prefix.pch";
				GCC_PREPROCESSOR_DEFINITIONS = (
					"DEBUG=1",
					"$(inherited)",
				);
				INFOPLIST_FILE = "TouchTrackerTests/TouchTrackerTests-Info.plist";
				PRODUCT_NAME = "$(TARGET_NAME)";
				TEST_HOST = "$(BUNDLE_LOADER)";
				WRAPPER_EXTENSION = xctest;
			};
			name = Debug;
		};
		65861301194C812900294892 /* Release */ = {
			isa = XCBuildConfiguration;
			buildSettings = {
				BUNDLE_LOADER = "$(BUILT_PRODUCTS_DIR)/TouchTracker.app/TouchTracker";
				FRAMEWORK_SEARCH_PATHS = (
					"$(SDKROOT)/Developer/Library/Frameworks",
					"$(inherited)",
					"$(DEVELOPER_FRAMEWORKS_DIR)",
				);
				GCC_PRECOMPILE_PREFIX_HEADER = YES;
				GCC_PREFIX_HEADER = "TouchTracker/TouchTracker-Prefix.pch";
				INFOPLIST_FILE = "TouchTrackerTests/TouchTrackerTests-Info.plist";
				PRODUCT_NAME = "$(TARGET_NAME)";
				TEST_HOST = "$(BUNDLE_LOADER)";
				WRAPPER_EXTENSION = xctest;
			};
			name = Release;
		};
/* End XCBuildConfiguration section */

/* Begin XCConfigurationList section */
		658612CB194C812900294892 /* Build configuration list for PBXProject "TouchTracker" */ = {
			isa = XCConfigurationList;
			buildConfigurations = (
				658612FA194C812900294892 /* Debug */,
				658612FB194C812900294892 /* Release */,
			);
			defaultConfigurationIsVisible = 0;
			defaultConfigurationName = Release;
		};
		658612FC194C812900294892 /* Build configuration list for PBXNativeTarget "TouchTracker" */ = {
			isa = XCConfigurationList;
			buildConfigurations = (
				658612FD194C812900294892 /* Debug */,
				658612FE194C812900294892 /* Release */,
			);
			defaultConfigurationIsVisible = 0;
		};
		658612FF194C812900294892 /* Build configuration list for PBXNativeTarget "TouchTrackerTests" */ = {
			isa = XCConfigurationList;
			buildConfigurations = (
				65861300194C812900294892 /* Debug */,
				65861301194C812900294892 /* Release */,
			);
			defaultConfigurationIsVisible = 0;
		};
/* End XCConfigurationList section */
	};
	rootObject = 658612C8194C812900294892 /* Project object */;
}
